
Microsoft Visual Studio Solution File, Format Version 12.00
# Visual Studio 15
VisualStudioVersion = 15.0.27703.2042
MinimumVisualStudioVersion = 10.0.40219.1
Project("{9A19103F-16F7-4668-BE54-9A1E7A4F7556}") = "CryptoCompareMirror", "src\CryptoCompareMirror\CryptoCompareMirror.csproj", "{CB8E6B69-9303-4160-886E-652B820B0FE5}"
EndProject
Global
	GlobalSection(SolutionConfigurationPlatforms) = preSolution
		Debug|Any CPU = Debug|Any CPU
		Release|Any CPU = Release|Any CPU
	EndGlobalSection
	GlobalSection(ProjectConfigurationPlatforms) = postSolution
		{CB8E6B69-9303-4160-886E-652B820B0FE5}.Debug|Any CPU.ActiveCfg = Debug|Any CPU
		{CB8E6B69-9303-4160-886E-652B820B0FE5}.Debug|Any CPU.Build.0 = Debug|Any CPU
		{CB8E6B69-9303-4160-886E-652B820B0FE5}.Release|Any CPU.ActiveCfg = Release|Any CPU
		{CB8E6B69-9303-4160-886E-652B820B0FE5}.Release|Any CPU.Build.0 = Release|Any CPU
	EndGlobalSection
	GlobalSection(SolutionProperties) = preSolution
		HideSolutionNode = FALSE
	EndGlobalSection
	GlobalSection(ExtensibilityGlobals) = postSolution
		SolutionGuid = {79A29A2D-C0D1-415B-B9C2-BF8A5885F3BF}
	EndGlobalSection
EndGlobal
